
Microsoft Visual Studio Solution File, Format Version 11.00
# Visual Studio 2010
Project("{FAE04EC0-301F-11D3-BF4B-00C04F79EFBC}") = "CAR RACE GAME", "CARE RACE GAME\CAR RACE GAME.csproj", "{9AB3E631-A2A0-4574-B38A-28C67C01B698}"
EndProject
Global
	GlobalSection(SolutionConfigurationPlatforms) = preSolution
		Debug|x86 = Debug|x86
		Release|x86 = Release|x86
	EndGlobalSection
	GlobalSection(ProjectConfigurationPlatforms) = postSolution
		{9AB3E631-A2A0-4574-B38A-28C67C01B698}.Debug|x86.ActiveCfg = Debug|x86
		{9AB3E631-A2A0-4574-B38A-28C67C01B698}.Debug|x86.Build.0 = Debug|x86
		{9AB3E631-A2A0-4574-B38A-28C67C01B698}.Release|x86.ActiveCfg = Release|x86
		{9AB3E631-A2A0-4574-B38A-28C67C01B698}.Release|x86.Build.0 = Release|x86
	EndGlobalSection
	GlobalSection(SolutionProperties) = preSolution
		HideSolutionNode = FALSE
	EndGlobalSection
EndGlobal
